
Microsoft Visual Studio Solution File, Format Version 12.00
# Visual Studio Version 16
VisualStudioVersion = 16.0.29306.81
MinimumVisualStudioVersion = 10.0.40219.1
Project("{9A19103F-16F7-4668-BE54-9A1E7A4F7556}") = "ComputerScienceBlogBackEnd", "ComputerScienceBlogBackEnd.csproj", "{BA0C3E52-5078-461E-A111-EFCB89144E12}"
EndProject
Project("{9A19103F-16F7-4668-BE54-9A1E7A4F7556}") = "ComputerScienceBlog.Services", "..\ComputerScienceBlog.Services\ComputerScienceBlog.Services.csproj", "{8EBCA2A7-1DE5-469B-9E92-D7292E92E8ED}"
EndProject
Project("{9A19103F-16F7-4668-BE54-9A1E7A4F7556}") = "ComputerScienceBlog.DataAccess", "..\ComputerScienceBlog.DataAccess\ComputerScienceBlog.DataAccess.csproj", "{C0EA03AD-3EC8-462B-8C8E-B6A3A5328238}"
EndProject
Global
	GlobalSection(SolutionConfigurationPlatforms) = preSolution
		Debug|Any CPU = Debug|Any CPU
		Release|Any CPU = Release|Any CPU
	EndGlobalSection
	GlobalSection(ProjectConfigurationPlatforms) = postSolution
		{BA0C3E52-5078-461E-A111-EFCB89144E12}.Debug|Any CPU.ActiveCfg = Debug|Any CPU
		{BA0C3E52-5078-461E-A111-EFCB89144E12}.Debug|Any CPU.Build.0 = Debug|Any CPU
		{BA0C3E52-5078-461E-A111-EFCB89144E12}.Release|Any CPU.ActiveCfg = Release|Any CPU
		{BA0C3E52-5078-461E-A111-EFCB89144E12}.Release|Any CPU.Build.0 = Release|Any CPU
		{8EBCA2A7-1DE5-469B-9E92-D7292E92E8ED}.Debug|Any CPU.ActiveCfg = Debug|Any CPU
		{8EBCA2A7-1DE5-469B-9E92-D7292E92E8ED}.Debug|Any CPU.Build.0 = Debug|Any CPU
		{8EBCA2A7-1DE5-469B-9E92-D7292E92E8ED}.Release|Any CPU.ActiveCfg = Release|Any CPU
		{8EBCA2A7-1DE5-469B-9E92-D7292E92E8ED}.Release|Any CPU.Build.0 = Release|Any CPU
		{C0EA03AD-3EC8-462B-8C8E-B6A3A5328238}.Debug|Any CPU.ActiveCfg = Debug|Any CPU
		{C0EA03AD-3EC8-462B-8C8E-B6A3A5328238}.Debug|Any CPU.Build.0 = Debug|Any CPU
		{C0EA03AD-3EC8-462B-8C8E-B6A3A5328238}.Release|Any CPU.ActiveCfg = Release|Any CPU
		{C0EA03AD-3EC8-462B-8C8E-B6A3A5328238}.Release|Any CPU.Build.0 = Release|Any CPU
	EndGlobalSection
	GlobalSection(SolutionProperties) = preSolution
		HideSolutionNode = FALSE
	EndGlobalSection
	GlobalSection(ExtensibilityGlobals) = postSolution
		SolutionGuid = {74B75DA9-579D-46C1-B99F-34E4D201CDB5}
	EndGlobalSection
EndGlobal
